// !$*UTF8*$!
{
	archiveVersion = 1;
	classes = {
	};
	objectVersion = 56;
	objects = {

/* Begin PBXBuildFile section */
		602239532AC9BC2A000D3B0A /* TabBarController.swift in Sources */ = {isa = PBXBuildFile; fileRef = 602239522AC9BC2A000D3B0A /* TabBarController.swift */; };
		6076D1F12AC10EB800C9D2D1 /* AppDelegate.swift in Sources */ = {isa = PBXBuildFile; fileRef = 6076D1F02AC10EB800C9D2D1 /* AppDelegate.swift */; };
		6076D1F32AC10EB800C9D2D1 /* SceneDelegate.swift in Sources */ = {isa = PBXBuildFile; fileRef = 6076D1F22AC10EB800C9D2D1 /* SceneDelegate.swift */; };
		6076D1FA2AC10EBA00C9D2D1 /* Assets.xcassets in Resources */ = {isa = PBXBuildFile; fileRef = 6076D1F92AC10EBA00C9D2D1 /* Assets.xcassets */; };
		6076D1FD2AC10EBA00C9D2D1 /* LaunchScreen.storyboard in Resources */ = {isa = PBXBuildFile; fileRef = 6076D1FB2AC10EBA00C9D2D1 /* LaunchScreen.storyboard */; };
		CE3564042ACF744F009722C5 /* CellModel.swift in Sources */ = {isa = PBXBuildFile; fileRef = CE3564032ACF744F009722C5 /* CellModel.swift */; };
		CE3564072ACF75BC009722C5 /* ListViewController.swift in Sources */ = {isa = PBXBuildFile; fileRef = CE3564062ACF75BC009722C5 /* ListViewController.swift */; };
		CE35640A2ACF788E009722C5 /* FunFactory.swift in Sources */ = {isa = PBXBuildFile; fileRef = CE3564092ACF788E009722C5 /* FunFactory.swift */; };
		CE35640D2ACF79ED009722C5 /* FunPresenter.swift in Sources */ = {isa = PBXBuildFile; fileRef = CE35640C2ACF79ED009722C5 /* FunPresenter.swift */; };
		CE3564102ACF7A60009722C5 /* RestaurantsFactory.swift in Sources */ = {isa = PBXBuildFile; fileRef = CE35640F2ACF7A60009722C5 /* RestaurantsFactory.swift */; };
		CE3564122ACF7A68009722C5 /* RestaurantsPresenter.swift in Sources */ = {isa = PBXBuildFile; fileRef = CE3564112ACF7A68009722C5 /* RestaurantsPresenter.swift */; };
		CE3564152ACF7AE0009722C5 /* AccommodationFactory.swift in Sources */ = {isa = PBXBuildFile; fileRef = CE3564142ACF7AE0009722C5 /* AccommodationFactory.swift */; };
		CE3564172ACF7AE8009722C5 /* AccommodationPresenter.swift in Sources */ = {isa = PBXBuildFile; fileRef = CE3564162ACF7AE8009722C5 /* AccommodationPresenter.swift */; };
		CE35641A2ACF7B5C009722C5 /* FavoritesFactory.swift in Sources */ = {isa = PBXBuildFile; fileRef = CE3564192ACF7B5C009722C5 /* FavoritesFactory.swift */; };
		CE35641C2ACF7BA4009722C5 /* FavoritesPresenter.swift in Sources */ = {isa = PBXBuildFile; fileRef = CE35641B2ACF7BA4009722C5 /* FavoritesPresenter.swift */; };
/* End PBXBuildFile section */

/* Begin PBXFileReference section */
		602239522AC9BC2A000D3B0A /* TabBarController.swift */ = {isa = PBXFileReference; lastKnownFileType = sourcecode.swift; name = TabBarController.swift; path = MeGuia/Views/TabBar/TabBarController.swift; sourceTree = SOURCE_ROOT; };
		6076D1ED2AC10EB800C9D2D1 /* MeGuia.app */ = {isa = PBXFileReference; explicitFileType = wrapper.application; includeInIndex = 0; path = MeGuia.app; sourceTree = BUILT_PRODUCTS_DIR; };
		6076D1F02AC10EB800C9D2D1 /* AppDelegate.swift */ = {isa = PBXFileReference; lastKnownFileType = sourcecode.swift; path = AppDelegate.swift; sourceTree = "<group>"; };
		6076D1F22AC10EB800C9D2D1 /* SceneDelegate.swift */ = {isa = PBXFileReference; lastKnownFileType = sourcecode.swift; path = SceneDelegate.swift; sourceTree = "<group>"; };
		6076D1F92AC10EBA00C9D2D1 /* Assets.xcassets */ = {isa = PBXFileReference; lastKnownFileType = folder.assetcatalog; path = Assets.xcassets; sourceTree = "<group>"; };
		6076D1FC2AC10EBA00C9D2D1 /* Base */ = {isa = PBXFileReference; lastKnownFileType = file.storyboard; name = Base; path = Base.lproj/LaunchScreen.storyboard; sourceTree = "<group>"; };
		6076D1FE2AC10EBA00C9D2D1 /* Info.plist */ = {isa = PBXFileReference; lastKnownFileType = text.plist.xml; path = Info.plist; sourceTree = "<group>"; };
		CE3564032ACF744F009722C5 /* CellModel.swift */ = {isa = PBXFileReference; lastKnownFileType = sourcecode.swift; path = CellModel.swift; sourceTree = "<group>"; };
		CE3564062ACF75BC009722C5 /* ListViewController.swift */ = {isa = PBXFileReference; lastKnownFileType = sourcecode.swift; path = ListViewController.swift; sourceTree = "<group>"; };
		CE3564092ACF788E009722C5 /* FunFactory.swift */ = {isa = PBXFileReference; lastKnownFileType = sourcecode.swift; path = FunFactory.swift; sourceTree = "<group>"; };
		CE35640C2ACF79ED009722C5 /* FunPresenter.swift */ = {isa = PBXFileReference; lastKnownFileType = sourcecode.swift; path = FunPresenter.swift; sourceTree = "<group>"; };
		CE35640F2ACF7A60009722C5 /* RestaurantsFactory.swift */ = {isa = PBXFileReference; lastKnownFileType = sourcecode.swift; path = RestaurantsFactory.swift; sourceTree = "<group>"; };
		CE3564112ACF7A68009722C5 /* RestaurantsPresenter.swift */ = {isa = PBXFileReference; lastKnownFileType = sourcecode.swift; path = RestaurantsPresenter.swift; sourceTree = "<group>"; };
		CE3564142ACF7AE0009722C5 /* AccommodationFactory.swift */ = {isa = PBXFileReference; lastKnownFileType = sourcecode.swift; path = AccommodationFactory.swift; sourceTree = "<group>"; };
		CE3564162ACF7AE8009722C5 /* AccommodationPresenter.swift */ = {isa = PBXFileReference; lastKnownFileType = sourcecode.swift; path = AccommodationPresenter.swift; sourceTree = "<group>"; };
		CE3564192ACF7B5C009722C5 /* FavoritesFactory.swift */ = {isa = PBXFileReference; lastKnownFileType = sourcecode.swift; path = FavoritesFactory.swift; sourceTree = "<group>"; };
		CE35641B2ACF7BA4009722C5 /* FavoritesPresenter.swift */ = {isa = PBXFileReference; lastKnownFileType = sourcecode.swift; path = FavoritesPresenter.swift; sourceTree = "<group>"; };
/* End PBXFileReference section */

/* Begin PBXFrameworksBuildPhase section */
		6076D1EA2AC10EB800C9D2D1 /* Frameworks */ = {
			isa = PBXFrameworksBuildPhase;
			buildActionMask = 2147483647;
			files = (
			);
			runOnlyForDeploymentPostprocessing = 0;
		};
/* End PBXFrameworksBuildPhase section */

/* Begin PBXGroup section */
		602239492AC9B8E6000D3B0A /* Resource */ = {
			isa = PBXGroup;
			children = (
				6076D1F02AC10EB800C9D2D1 /* AppDelegate.swift */,
				6076D1F22AC10EB800C9D2D1 /* SceneDelegate.swift */,
				6076D1F92AC10EBA00C9D2D1 /* Assets.xcassets */,
				6076D1FB2AC10EBA00C9D2D1 /* LaunchScreen.storyboard */,
			);
			path = Resource;
			sourceTree = "<group>";
		};
		6076D1E42AC10EB800C9D2D1 = {
			isa = PBXGroup;
			children = (
				6076D1EF2AC10EB800C9D2D1 /* MeGuia */,
				6076D1EE2AC10EB800C9D2D1 /* Products */,
			);
			sourceTree = "<group>";
		};
		6076D1EE2AC10EB800C9D2D1 /* Products */ = {
			isa = PBXGroup;
			children = (
				6076D1ED2AC10EB800C9D2D1 /* MeGuia.app */,
			);
			name = Products;
			sourceTree = "<group>";
		};
		6076D1EF2AC10EB800C9D2D1 /* MeGuia */ = {
			isa = PBXGroup;
			children = (
				CE3564052ACF7596009722C5 /* Views */,
				CE3564022ACF7407009722C5 /* Models */,
				602239492AC9B8E6000D3B0A /* Resource */,
				6076D1FE2AC10EBA00C9D2D1 /* Info.plist */,
			);
			path = MeGuia;
			sourceTree = "<group>";
		};
		CE3564022ACF7407009722C5 /* Models */ = {
			isa = PBXGroup;
			children = (
				CE3564032ACF744F009722C5 /* CellModel.swift */,
			);
			path = Models;
			sourceTree = "<group>";
		};
		CE3564052ACF7596009722C5 /* Views */ = {
			isa = PBXGroup;
			children = (
				CE35641E2ACF7CE5009722C5 /* TabBar */,
				CE35641D2ACF7CDD009722C5 /* List */,
				CE3564182ACF7B2E009722C5 /* Favorites */,
				CE3564132ACF7ACD009722C5 /* Accommodation */,
				CE35640E2ACF7A54009722C5 /* Restaurants */,
				CE35640B2ACF79DE009722C5 /* Fun */,
			);
			path = Views;
			sourceTree = "<group>";
		};
		CE35640B2ACF79DE009722C5 /* Fun */ = {
			isa = PBXGroup;
			children = (
				CE3564092ACF788E009722C5 /* FunFactory.swift */,
				CE35640C2ACF79ED009722C5 /* FunPresenter.swift */,
			);
			path = Fun;
			sourceTree = "<group>";
		};
		CE35640E2ACF7A54009722C5 /* Restaurants */ = {
			isa = PBXGroup;
			children = (
				CE35640F2ACF7A60009722C5 /* RestaurantsFactory.swift */,
				CE3564112ACF7A68009722C5 /* RestaurantsPresenter.swift */,
			);
			path = Restaurants;
			sourceTree = "<group>";
		};
		CE3564132ACF7ACD009722C5 /* Accommodation */ = {
			isa = PBXGroup;
			children = (
				CE3564142ACF7AE0009722C5 /* AccommodationFactory.swift */,
				CE3564162ACF7AE8009722C5 /* AccommodationPresenter.swift */,
			);
			path = Accommodation;
			sourceTree = "<group>";
		};
		CE3564182ACF7B2E009722C5 /* Favorites */ = {
			isa = PBXGroup;
			children = (
				CE3564192ACF7B5C009722C5 /* FavoritesFactory.swift */,
				CE35641B2ACF7BA4009722C5 /* FavoritesPresenter.swift */,
			);
			path = Favorites;
			sourceTree = "<group>";
		};
		CE35641D2ACF7CDD009722C5 /* List */ = {
			isa = PBXGroup;
			children = (
				CE3564062ACF75BC009722C5 /* ListViewController.swift */,
			);
			path = List;
			sourceTree = "<group>";
		};
		CE35641E2ACF7CE5009722C5 /* TabBar */ = {
			isa = PBXGroup;
			children = (
				602239522AC9BC2A000D3B0A /* TabBarController.swift */,
			);
			path = TabBar;
			sourceTree = "<group>";
		};
/* End PBXGroup section */

/* Begin PBXNativeTarget section */
		6076D1EC2AC10EB800C9D2D1 /* MeGuia */ = {
			isa = PBXNativeTarget;
			buildConfigurationList = 6076D2012AC10EBA00C9D2D1 /* Build configuration list for PBXNativeTarget "MeGuia" */;
			buildPhases = (
				6076D1E92AC10EB800C9D2D1 /* Sources */,
				6076D1EA2AC10EB800C9D2D1 /* Frameworks */,
				6076D1EB2AC10EB800C9D2D1 /* Resources */,
			);
			buildRules = (
			);
			dependencies = (
			);
			name = MeGuia;
			productName = MeGuia;
			productReference = 6076D1ED2AC10EB800C9D2D1 /* MeGuia.app */;
			productType = "com.apple.product-type.application";
		};
/* End PBXNativeTarget section */

/* Begin PBXProject section */
		6076D1E52AC10EB800C9D2D1 /* Project object */ = {
			isa = PBXProject;
			attributes = {
				BuildIndependentTargetsInParallel = 1;
				LastSwiftUpdateCheck = 1430;
				LastUpgradeCheck = 1430;
				TargetAttributes = {
					6076D1EC2AC10EB800C9D2D1 = {
						CreatedOnToolsVersion = 14.3.1;
					};
				};
			};
			buildConfigurationList = 6076D1E82AC10EB800C9D2D1 /* Build configuration list for PBXProject "MeGuia" */;
			compatibilityVersion = "Xcode 14.0";
			developmentRegion = en;
			hasScannedForEncodings = 0;
			knownRegions = (
				en,
				Base,
			);
			mainGroup = 6076D1E42AC10EB800C9D2D1;
			productRefGroup = 6076D1EE2AC10EB800C9D2D1 /* Products */;
			projectDirPath = "";
			projectRoot = "";
			targets = (
				6076D1EC2AC10EB800C9D2D1 /* MeGuia */,
			);
		};
/* End PBXProject section */

/* Begin PBXResourcesBuildPhase section */
		6076D1EB2AC10EB800C9D2D1 /* Resources */ = {
			isa = PBXResourcesBuildPhase;
			buildActionMask = 2147483647;
			files = (
				6076D1FD2AC10EBA00C9D2D1 /* LaunchScreen.storyboard in Resources */,
				6076D1FA2AC10EBA00C9D2D1 /* Assets.xcassets in Resources */,
			);
			runOnlyForDeploymentPostprocessing = 0;
		};
/* End PBXResourcesBuildPhase section */

/* Begin PBXSourcesBuildPhase section */
		6076D1E92AC10EB800C9D2D1 /* Sources */ = {
			isa = PBXSourcesBuildPhase;
			buildActionMask = 2147483647;
			files = (
				CE35640D2ACF79ED009722C5 /* FunPresenter.swift in Sources */,
				CE3564042ACF744F009722C5 /* CellModel.swift in Sources */,
				CE3564072ACF75BC009722C5 /* ListViewController.swift in Sources */,
				CE3564102ACF7A60009722C5 /* RestaurantsFactory.swift in Sources */,
				CE3564172ACF7AE8009722C5 /* AccommodationPresenter.swift in Sources */,
				CE35641C2ACF7BA4009722C5 /* FavoritesPresenter.swift in Sources */,
				602239532AC9BC2A000D3B0A /* TabBarController.swift in Sources */,
				CE3564152ACF7AE0009722C5 /* AccommodationFactory.swift in Sources */,
				CE35641A2ACF7B5C009722C5 /* FavoritesFactory.swift in Sources */,
				6076D1F12AC10EB800C9D2D1 /* AppDelegate.swift in Sources */,
				CE3564122ACF7A68009722C5 /* RestaurantsPresenter.swift in Sources */,
				CE35640A2ACF788E009722C5 /* FunFactory.swift in Sources */,
				6076D1F32AC10EB800C9D2D1 /* SceneDelegate.swift in Sources */,
			);
			runOnlyForDeploymentPostprocessing = 0;
		};
/* End PBXSourcesBuildPhase section */

/* Begin PBXVariantGroup section */
		6076D1FB2AC10EBA00C9D2D1 /* LaunchScreen.storyboard */ = {
			isa = PBXVariantGroup;
			children = (
				6076D1FC2AC10EBA00C9D2D1 /* Base */,
			);
			name = LaunchScreen.storyboard;
			sourceTree = "<group>";
		};
/* End PBXVariantGroup section */

/* Begin XCBuildConfiguration section */
		6076D1FF2AC10EBA00C9D2D1 /* Debug */ = {
			isa = XCBuildConfiguration;
			buildSettings = {
				ALWAYS_SEARCH_USER_PATHS = NO;
				CLANG_ANALYZER_NONNULL = YES;
				CLANG_ANALYZER_NUMBER_OBJECT_CONVERSION = YES_AGGRESSIVE;
				CLANG_CXX_LANGUAGE_STANDARD = "gnu++20";
				CLANG_ENABLE_MODULES = YES;
				CLANG_ENABLE_OBJC_ARC = YES;
				CLANG_ENABLE_OBJC_WEAK = YES;
				CLANG_WARN_BLOCK_CAPTURE_AUTORELEASING = YES;
				CLANG_WARN_BOOL_CONVERSION = YES;
				CLANG_WARN_COMMA = YES;
				CLANG_WARN_CONSTANT_CONVERSION = YES;
				CLANG_WARN_DEPRECATED_OBJC_IMPLEMENTATIONS = YES;
				CLANG_WARN_DIRECT_OBJC_ISA_USAGE = YES_ERROR;
				CLANG_WARN_DOCUMENTATION_COMMENTS = YES;
				CLANG_WARN_EMPTY_BODY = YES;
				CLANG_WARN_ENUM_CONVERSION = YES;
				CLANG_WARN_INFINITE_RECURSION = YES;
				CLANG_WARN_INT_CONVERSION = YES;
				CLANG_WARN_NON_LITERAL_NULL_CONVERSION = YES;
				CLANG_WARN_OBJC_IMPLICIT_RETAIN_SELF = YES;
				CLANG_WARN_OBJC_LITERAL_CONVERSION = YES;
				CLANG_WARN_OBJC_ROOT_CLASS = YES_ERROR;
				CLANG_WARN_QUOTED_INCLUDE_IN_FRAMEWORK_HEADER = YES;
				CLANG_WARN_RANGE_LOOP_ANALYSIS = YES;
				CLANG_WARN_STRICT_PROTOTYPES = YES;
				CLANG_WARN_SUSPICIOUS_MOVE = YES;
				CLANG_WARN_UNGUARDED_AVAILABILITY = YES_AGGRESSIVE;
				CLANG_WARN_UNREACHABLE_CODE = YES;
				CLANG_WARN__DUPLICATE_METHOD_MATCH = YES;
				COPY_PHASE_STRIP = NO;
				DEBUG_INFORMATION_FORMAT = dwarf;
				ENABLE_STRICT_OBJC_MSGSEND = YES;
				ENABLE_TESTABILITY = YES;
				GCC_C_LANGUAGE_STANDARD = gnu11;
				GCC_DYNAMIC_NO_PIC = NO;
				GCC_NO_COMMON_BLOCKS = YES;
				GCC_OPTIMIZATION_LEVEL = 0;
				GCC_PREPROCESSOR_DEFINITIONS = (
					"DEBUG=1",
					"$(inherited)",
				);
				GCC_WARN_64_TO_32_BIT_CONVERSION = YES;
				GCC_WARN_ABOUT_RETURN_TYPE = YES_ERROR;
				GCC_WARN_UNDECLARED_SELECTOR = YES;
				GCC_WARN_UNINITIALIZED_AUTOS = YES_AGGRESSIVE;
				GCC_WARN_UNUSED_FUNCTION = YES;
				GCC_WARN_UNUSED_VARIABLE = YES;
				IPHONEOS_DEPLOYMENT_TARGET = 13.0;
				MTL_ENABLE_DEBUG_INFO = INCLUDE_SOURCE;
				MTL_FAST_MATH = YES;
				ONLY_ACTIVE_ARCH = YES;
				SDKROOT = iphoneos;
				SWIFT_ACTIVE_COMPILATION_CONDITIONS = DEBUG;
				SWIFT_OPTIMIZATION_LEVEL = "-Onone";
			};
			name = Debug;
		};
		6076D2002AC10EBA00C9D2D1 /* Release */ = {
			isa = XCBuildConfiguration;
			buildSettings = {
				ALWAYS_SEARCH_USER_PATHS = NO;
				CLANG_ANALYZER_NONNULL = YES;
				CLANG_ANALYZER_NUMBER_OBJECT_CONVERSION = YES_AGGRESSIVE;
				CLANG_CXX_LANGUAGE_STANDARD = "gnu++20";
				CLANG_ENABLE_MODULES = YES;
				CLANG_ENABLE_OBJC_ARC = YES;
				CLANG_ENABLE_OBJC_WEAK = YES;
				CLANG_WARN_BLOCK_CAPTURE_AUTORELEASING = YES;
				CLANG_WARN_BOOL_CONVERSION = YES;
				CLANG_WARN_COMMA = YES;
				CLANG_WARN_CONSTANT_CONVERSION = YES;
				CLANG_WARN_DEPRECATED_OBJC_IMPLEMENTATIONS = YES;
				CLANG_WARN_DIRECT_OBJC_ISA_USAGE = YES_ERROR;
				CLANG_WARN_DOCUMENTATION_COMMENTS = YES;
				CLANG_WARN_EMPTY_BODY = YES;
				CLANG_WARN_ENUM_CONVERSION = YES;
				CLANG_WARN_INFINITE_RECURSION = YES;
				CLANG_WARN_INT_CONVERSION = YES;
				CLANG_WARN_NON_LITERAL_NULL_CONVERSION = YES;
				CLANG_WARN_OBJC_IMPLICIT_RETAIN_SELF = YES;
				CLANG_WARN_OBJC_LITERAL_CONVERSION = YES;
				CLANG_WARN_OBJC_ROOT_CLASS = YES_ERROR;
				CLANG_WARN_QUOTED_INCLUDE_IN_FRAMEWORK_HEADER = YES;
				CLANG_WARN_RANGE_LOOP_ANALYSIS = YES;
				CLANG_WARN_STRICT_PROTOTYPES = YES;
				CLANG_WARN_SUSPICIOUS_MOVE = YES;
				CLANG_WARN_UNGUARDED_AVAILABILITY = YES_AGGRESSIVE;
				CLANG_WARN_UNREACHABLE_CODE = YES;
				CLANG_WARN__DUPLICATE_METHOD_MATCH = YES;
				COPY_PHASE_STRIP = NO;
				DEBUG_INFORMATION_FORMAT = "dwarf-with-dsym";
				ENABLE_NS_ASSERTIONS = NO;
				ENABLE_STRICT_OBJC_MSGSEND = YES;
				GCC_C_LANGUAGE_STANDARD = gnu11;
				GCC_NO_COMMON_BLOCKS = YES;
				GCC_WARN_64_TO_32_BIT_CONVERSION = YES;
				GCC_WARN_ABOUT_RETURN_TYPE = YES_ERROR;
				GCC_WARN_UNDECLARED_SELECTOR = YES;
				GCC_WARN_UNINITIALIZED_AUTOS = YES_AGGRESSIVE;
				GCC_WARN_UNUSED_FUNCTION = YES;
				GCC_WARN_UNUSED_VARIABLE = YES;
				IPHONEOS_DEPLOYMENT_TARGET = 13.0;
				MTL_ENABLE_DEBUG_INFO = NO;
				MTL_FAST_MATH = YES;
				SDKROOT = iphoneos;
				SWIFT_COMPILATION_MODE = wholemodule;
				SWIFT_OPTIMIZATION_LEVEL = "-O";
				VALIDATE_PRODUCT = YES;
			};
			name = Release;
		};
		6076D2022AC10EBA00C9D2D1 /* Debug */ = {
			isa = XCBuildConfiguration;
			buildSettings = {
				ASSETCATALOG_COMPILER_APPICON_NAME = AppIcon;
				ASSETCATALOG_COMPILER_GLOBAL_ACCENT_COLOR_NAME = AccentColor;
				CODE_SIGN_STYLE = Automatic;
				CURRENT_PROJECT_VERSION = 1;
				GENERATE_INFOPLIST_FILE = YES;
				INFOPLIST_FILE = MeGuia/Info.plist;
				INFOPLIST_KEY_CFBundleDisplayName = MeGuia;
				INFOPLIST_KEY_UIApplicationSupportsIndirectInputEvents = YES;
				INFOPLIST_KEY_UILaunchStoryboardName = LaunchScreen;
				INFOPLIST_KEY_UISupportedInterfaceOrientations_iPad = "UIInterfaceOrientationPortrait UIInterfaceOrientationPortraitUpsideDown UIInterfaceOrientationLandscapeLeft UIInterfaceOrientationLandscapeRight";
				INFOPLIST_KEY_UISupportedInterfaceOrientations_iPhone = "UIInterfaceOrientationPortrait UIInterfaceOrientationLandscapeLeft UIInterfaceOrientationLandscapeRight";
				LD_RUNPATH_SEARCH_PATHS = (
					"$(inherited)",
					"@executable_path/Frameworks",
				);
				MARKETING_VERSION = 1.0;
				PRODUCT_BUNDLE_IDENTIFIER = "IFCE---Aracati.MeGuia";
				PRODUCT_NAME = "$(TARGET_NAME)";
				SWIFT_EMIT_LOC_STRINGS = YES;
				SWIFT_VERSION = 5.0;
				TARGETED_DEVICE_FAMILY = "1,2";
			};
			name = Debug;
		};
		6076D2032AC10EBA00C9D2D1 /* Release */ = {
			isa = XCBuildConfiguration;
			buildSettings = {
				ASSETCATALOG_COMPILER_APPICON_NAME = AppIcon;
				ASSETCATALOG_COMPILER_GLOBAL_ACCENT_COLOR_NAME = AccentColor;
				CODE_SIGN_STYLE = Automatic;
				CURRENT_PROJECT_VERSION = 1;
				GENERATE_INFOPLIST_FILE = YES;
				INFOPLIST_FILE = MeGuia/Info.plist;
				INFOPLIST_KEY_CFBundleDisplayName = MeGuia;
				INFOPLIST_KEY_UIApplicationSupportsIndirectInputEvents = YES;
				INFOPLIST_KEY_UILaunchStoryboardName = LaunchScreen;
				INFOPLIST_KEY_UISupportedInterfaceOrientations_iPad = "UIInterfaceOrientationPortrait UIInterfaceOrientationPortraitUpsideDown UIInterfaceOrientationLandscapeLeft UIInterfaceOrientationLandscapeRight";
				INFOPLIST_KEY_UISupportedInterfaceOrientations_iPhone = "UIInterfaceOrientationPortrait UIInterfaceOrientationLandscapeLeft UIInterfaceOrientationLandscapeRight";
				LD_RUNPATH_SEARCH_PATHS = (
					"$(inherited)",
					"@executable_path/Frameworks",
				);
				MARKETING_VERSION = 1.0;
				PRODUCT_BUNDLE_IDENTIFIER = "IFCE---Aracati.MeGuia";
				PRODUCT_NAME = "$(TARGET_NAME)";
				SWIFT_EMIT_LOC_STRINGS = YES;
				SWIFT_VERSION = 5.0;
				TARGETED_DEVICE_FAMILY = "1,2";
			};
			name = Release;
		};
/* End XCBuildConfiguration section */

/* Begin XCConfigurationList section */
		6076D1E82AC10EB800C9D2D1 /* Build configuration list for PBXProject "MeGuia" */ = {
			isa = XCConfigurationList;
			buildConfigurations = (
				6076D1FF2AC10EBA00C9D2D1 /* Debug */,
				6076D2002AC10EBA00C9D2D1 /* Release */,
			);
			defaultConfigurationIsVisible = 0;
			defaultConfigurationName = Release;
		};
		6076D2012AC10EBA00C9D2D1 /* Build configuration list for PBXNativeTarget "MeGuia" */ = {
			isa = XCConfigurationList;
			buildConfigurations = (
				6076D2022AC10EBA00C9D2D1 /* Debug */,
				6076D2032AC10EBA00C9D2D1 /* Release */,
			);
			defaultConfigurationIsVisible = 0;
			defaultConfigurationName = Release;
		};
/* End XCConfigurationList section */
	};
	rootObject = 6076D1E52AC10EB800C9D2D1 /* Project object */;
}
